Microsoft Visual Studio Solution File, Format Version 7.00
Project("{FAE04EC0-301F-11D3-BF4B-00C04F79EFBC}") = "Savepoint", "Savepoint.csproj", "{F1D50CF2-7B21-4C20-8572-9613ADD4AEA2}"
EndProject
Global
	GlobalSection(SolutionConfiguration) = preSolution
		ConfigName.0 = Debug
		ConfigName.1 = Release
	EndGlobalSection
	GlobalSection(ProjectDependencies) = postSolution
	EndGlobalSection
	GlobalSection(ProjectConfiguration) = postSolution
		{F1D50CF2-7B21-4C20-8572-9613ADD4AEA2}.Debug.ActiveCfg = Debug|.NET
		{F1D50CF2-7B21-4C20-8572-9613ADD4AEA2}.Debug.Build.0 = Debug|.NET
		{F1D50CF2-7B21-4C20-8572-9613ADD4AEA2}.Release.ActiveCfg = Release|.NET
		{F1D50CF2-7B21-4C20-8572-9613ADD4AEA2}.Release.Build.0 = Release|.NET
	EndGlobalSection
	GlobalSection(ExtensibilityGlobals) = postSolution
	EndGlobalSection
	GlobalSection(ExtensibilityAddIns) = postSolution
	EndGlobalSection
EndGlobal
