Microsoft Visual Studio Solution File, Format Version 7.00
Project("{FAE04EC0-301F-11D3-BF4B-00C04F79EFBC}") = "Sample1", "Sample1.csproj", "{EEC57E74-239F-4F4B-A2DB-6464D74F61B6}"
EndProject
Project("{FAE04EC0-301F-11D3-BF4B-00C04F79EFBC}") = "Sample2", "Sample2.csproj", "{EEC57E74-239F-4F4B-A2DB-6464D74F61B6}"
EndProject
Project("{FAE04EC0-301F-11D3-BF4B-00C04F79EFBC}") = "Sample3", "Sample3.csproj", "{EEC57E74-239F-4F4B-A2DB-6464D74F61B6}"
EndProject
Project("{FAE04EC0-301F-11D3-BF4B-00C04F79EFBC}") = "Sample4", "Sample4.csproj", "{EEC57E74-239F-4F4B-A2DB-6464D74F61B6}"
EndProject
Project("{FAE04EC0-301F-11D3-BF4B-00C04F79EFBC}") = "Sample5", "Sample5.csproj", "{EEC57E74-239F-4F4B-A2DB-6464D74F61B6}"
EndProject
Project("{FAE04EC0-301F-11D3-BF4B-00C04F79EFBC}") = "Sample6", "Sample6.csproj", "{612F9FEA-9024-4426-A308-47C2A88E96E1}"
EndProject
Project("{FAE04EC0-301F-11D3-BF4B-00C04F79EFBC}") = "Sample7", "Sample7.csproj", "{F07A0DDA-063C-4A03-87F7-557F7E4D9DC9}"
EndProject
Global
	GlobalSection(SolutionConfiguration) = preSolution
		ConfigName.0 = Debug
		ConfigName.1 = Release
	EndGlobalSection
	GlobalSection(ProjectDependencies) = postSolution
	EndGlobalSection
	GlobalSection(ProjectConfiguration) = postSolution
		{EEC57E74-239F-4F4B-A2DB-6464D74F61B6}.Debug.ActiveCfg = Debug|.NET
		{EEC57E74-239F-4F4B-A2DB-6464D74F61B6}.Debug.Build.0 = Debug|.NET
		{EEC57E74-239F-4F4B-A2DB-6464D74F61B6}.Release.ActiveCfg = Release|.NET
		{EEC57E74-239F-4F4B-A2DB-6464D74F61B6}.Release.Build.0 = Release|.NET
		{EEC57E74-239F-4F4B-A2DB-6464D74F61B6}.Debug.ActiveCfg = Debug|.NET
		{EEC57E74-239F-4F4B-A2DB-6464D74F61B6}.Debug.Build.0 = Debug|.NET
		{EEC57E74-239F-4F4B-A2DB-6464D74F61B6}.Release.ActiveCfg = Release|.NET
		{EEC57E74-239F-4F4B-A2DB-6464D74F61B6}.Release.Build.0 = Release|.NET
		{EEC57E74-239F-4F4B-A2DB-6464D74F61B6}.Debug.ActiveCfg = Debug|.NET
		{EEC57E74-239F-4F4B-A2DB-6464D74F61B6}.Debug.Build.0 = Debug|.NET
		{EEC57E74-239F-4F4B-A2DB-6464D74F61B6}.Release.ActiveCfg = Release|.NET
		{EEC57E74-239F-4F4B-A2DB-6464D74F61B6}.Release.Build.0 = Release|.NET
		{EEC57E74-239F-4F4B-A2DB-6464D74F61B6}.Debug.ActiveCfg = Debug|.NET
		{EEC57E74-239F-4F4B-A2DB-6464D74F61B6}.Debug.Build.0 = Debug|.NET
		{EEC57E74-239F-4F4B-A2DB-6464D74F61B6}.Release.ActiveCfg = Release|.NET
		{EEC57E74-239F-4F4B-A2DB-6464D74F61B6}.Release.Build.0 = Release|.NET
		{EEC57E74-239F-4F4B-A2DB-6464D74F61B6}.Debug.ActiveCfg = Debug|.NET
		{EEC57E74-239F-4F4B-A2DB-6464D74F61B6}.Debug.Build.0 = Debug|.NET
		{EEC57E74-239F-4F4B-A2DB-6464D74F61B6}.Release.ActiveCfg = Release|.NET
		{EEC57E74-239F-4F4B-A2DB-6464D74F61B6}.Release.Build.0 = Release|.NET
		{612F9FEA-9024-4426-A308-47C2A88E96E1}.Debug.ActiveCfg = Debug|.NET
		{612F9FEA-9024-4426-A308-47C2A88E96E1}.Debug.Build.0 = Debug|.NET
		{612F9FEA-9024-4426-A308-47C2A88E96E1}.Release.ActiveCfg = Release|.NET
		{612F9FEA-9024-4426-A308-47C2A88E96E1}.Release.Build.0 = Release|.NET
		{F07A0DDA-063C-4A03-87F7-557F7E4D9DC9}.Debug.ActiveCfg = Debug|.NET
		{F07A0DDA-063C-4A03-87F7-557F7E4D9DC9}.Debug.Build.0 = Debug|.NET
		{F07A0DDA-063C-4A03-87F7-557F7E4D9DC9}.Release.ActiveCfg = Release|.NET
		{F07A0DDA-063C-4A03-87F7-557F7E4D9DC9}.Release.Build.0 = Release|.NET
	EndGlobalSection
	GlobalSection(ExtensibilityGlobals) = postSolution
	EndGlobalSection
	GlobalSection(ExtensibilityAddIns) = postSolution
	EndGlobalSection
EndGlobal
