Microsoft Visual Studio Solution File, Format Version 7.00
Project("{FAE04EC0-301F-11D3-BF4B-00C04F79EFBC}") = "DSPopulate", "DSPopulate.csproj", "{8C0E9C27-8F4C-11D6-8202-0002A577685A}"
EndProject
Global
	GlobalSection(SolutionConfiguration) = preSolution
		ConfigName.0 = Debug
		ConfigName.1 = Release
	EndGlobalSection
	GlobalSection(ProjectDependencies) = postSolution
	EndGlobalSection
	GlobalSection(ProjectConfiguration) = postSolution
		{8C0E9C27-8F4C-11D6-8202-0002A577685A}.Debug.ActiveCfg = Debug|.NET
		{8C0E9C27-8F4C-11D6-8202-0002A577685A}.Debug.Build.0 = Debug|.NET
		{8C0E9C27-8F4C-11D6-8202-0002A577685A}.Release.ActiveCfg = Release|.NET
		{8C0E9C27-8F4C-11D6-8202-0002A577685A}.Release.Build.0 = Release|.NET
	EndGlobalSection
	GlobalSection(ExtensibilityGlobals) = postSolution
	EndGlobalSection
	GlobalSection(ExtensibilityAddIns) = postSolution
	EndGlobalSection
EndGlobal
