Microsoft Visual Studio Solution File, Format Version 7.00
Project("{FAE04EC0-301F-11D3-BF4B-00C04F79EFBC}") = "ArrayBind", "ArrayBind.csproj", "{783CC13A-4660-494A-8025-DEF68921B27F}"
EndProject
Global
	GlobalSection(SolutionConfiguration) = preSolution
		ConfigName.0 = Debug
		ConfigName.1 = Release
	EndGlobalSection
	GlobalSection(ProjectDependencies) = postSolution
	EndGlobalSection
	GlobalSection(ProjectConfiguration) = postSolution
		{783CC13A-4660-494A-8025-DEF68921B27F}.Debug.ActiveCfg = Debug|.NET
		{783CC13A-4660-494A-8025-DEF68921B27F}.Debug.Build.0 = Debug|.NET
		{783CC13A-4660-494A-8025-DEF68921B27F}.Release.ActiveCfg = Release|.NET
		{783CC13A-4660-494A-8025-DEF68921B27F}.Release.Build.0 = Release|.NET
	EndGlobalSection
	GlobalSection(ExtensibilityGlobals) = postSolution
	EndGlobalSection
	GlobalSection(ExtensibilityAddIns) = postSolution
	EndGlobalSection
EndGlobal
